
Microsoft Visual Studio Solution File, Format Version 12.00
# Visual Studio 15
VisualStudioVersion = 15.0.28307.1831
MinimumVisualStudioVersion = 10.0.40219.1
Project("{FAE04EC0-301F-11D3-BF4B-00C04F79EFBC}") = "model_api", "model_api\model_api.csproj", "{FFD8CA62-F27F-4025-97E6-C5C9B51DA2CC}"
EndProject
Global
	GlobalSection(SolutionConfigurationPlatforms) = preSolution
		Debug|Any CPU = Debug|Any CPU
		Release|Any CPU = Release|Any CPU
	EndGlobalSection
	GlobalSection(ProjectConfigurationPlatforms) = postSolution
		{FFD8CA62-F27F-4025-97E6-C5C9B51DA2CC}.Debug|Any CPU.ActiveCfg = Debug|Any CPU
		{FFD8CA62-F27F-4025-97E6-C5C9B51DA2CC}.Debug|Any CPU.Build.0 = Debug|Any CPU
		{FFD8CA62-F27F-4025-97E6-C5C9B51DA2CC}.Release|Any CPU.ActiveCfg = Release|Any CPU
		{FFD8CA62-F27F-4025-97E6-C5C9B51DA2CC}.Release|Any CPU.Build.0 = Release|Any CPU
	EndGlobalSection
	GlobalSection(SolutionProperties) = preSolution
		HideSolutionNode = FALSE
	EndGlobalSection
	GlobalSection(ExtensibilityGlobals) = postSolution
		SolutionGuid = {B0F6AF25-7BD7-4622-8289-06B9263ACE4D}
	EndGlobalSection
EndGlobal
